
Microsoft Visual Studio Solution File, Format Version 12.00
# Visual Studio Version 17
VisualStudioVersion = 17.11.35327.3
MinimumVisualStudioVersion = 10.0.40219.1
Project("{FAE04EC0-301F-11D3-BF4B-00C04F79EFBC}") = "Psychological Hospital Management System", "Psychological Hospital Management System\Psychological Hospital Management System.csproj", "{446C4149-4439-4742-AF5A-26A3DB824EBA}"
EndProject
Global
	GlobalSection(SolutionConfigurationPlatforms) = preSolution
		Debug|Any CPU = Debug|Any CPU
		Release|Any CPU = Release|Any CPU
	EndGlobalSection
	GlobalSection(ProjectConfigurationPlatforms) = postSolution
		{446C4149-4439-4742-AF5A-26A3DB824EBA}.Debug|Any CPU.ActiveCfg = Debug|Any CPU
		{446C4149-4439-4742-AF5A-26A3DB824EBA}.Debug|Any CPU.Build.0 = Debug|Any CPU
		{446C4149-4439-4742-AF5A-26A3DB824EBA}.Release|Any CPU.ActiveCfg = Release|Any CPU
		{446C4149-4439-4742-AF5A-26A3DB824EBA}.Release|Any CPU.Build.0 = Release|Any CPU
	EndGlobalSection
	GlobalSection(SolutionProperties) = preSolution
		HideSolutionNode = FALSE
	EndGlobalSection
	GlobalSection(ExtensibilityGlobals) = postSolution
		SolutionGuid = {7403724D-DCB0-491E-8424-3F1C74DE9A7A}
	EndGlobalSection
EndGlobal
